
Microsoft Visual Studio Solution File, Format Version 12.00
# Visual Studio Version 17
VisualStudioVersion = 17.1.32328.378
MinimumVisualStudioVersion = 10.0.40219.1
Project("{FAE04EC0-301F-11D3-BF4B-00C04F79EFBC}") = "Activity56_Group4", "Activity56_Group4.csproj", "{F698FE74-6415-41F3-8C65-97984C4D3D33}"
EndProject
Global
	GlobalSection(SolutionConfigurationPlatforms) = preSolution
		Debug|Any CPU = Debug|Any CPU
		Release|Any CPU = Release|Any CPU
	EndGlobalSection
	GlobalSection(ProjectConfigurationPlatforms) = postSolution
		{F698FE74-6415-41F3-8C65-97984C4D3D33}.Debug|Any CPU.ActiveCfg = Debug|Any CPU
		{F698FE74-6415-41F3-8C65-97984C4D3D33}.Debug|Any CPU.Build.0 = Debug|Any CPU
		{F698FE74-6415-41F3-8C65-97984C4D3D33}.Release|Any CPU.ActiveCfg = Release|Any CPU
		{F698FE74-6415-41F3-8C65-97984C4D3D33}.Release|Any CPU.Build.0 = Release|Any CPU
	EndGlobalSection
	GlobalSection(SolutionProperties) = preSolution
		HideSolutionNode = FALSE
	EndGlobalSection
	GlobalSection(ExtensibilityGlobals) = postSolution
		SolutionGuid = {D5AEDB21-FA01-4BC9-96C7-DD7BF4F2E902}
	EndGlobalSection
EndGlobal
